// !$*UTF8*$!
{
	archiveVersion = 1;
	classes = {
	};
	objectVersion = 46;
	objects = {

/* Begin PBXBuildFile section */
		C19D9C1D18D2A5E2001DF361 /* Foundation.framework in Frameworks */ = {isa = PBXBuildFile; fileRef = C19D9C1C18D2A5E2001DF361 /* Foundation.framework */; };
		C19D9C1F18D2A5E2001DF361 /* CoreGraphics.framework in Frameworks */ = {isa = PBXBuildFile; fileRef = C19D9C1E18D2A5E2001DF361 /* CoreGraphics.framework */; };
		C19D9C2118D2A5E2001DF361 /* UIKit.framework in Frameworks */ = {isa = PBXBuildFile; fileRef = C19D9C2018D2A5E2001DF361 /* UIKit.framework */; };
		C19D9C2718D2A5E2001DF361 /* InfoPlist.strings in Resources */ = {isa = PBXBuildFile; fileRef = C19D9C2518D2A5E2001DF361 /* InfoPlist.strings */; };
		C19D9C2918D2A5E2001DF361 /* main.m in Sources */ = {isa = PBXBuildFile; fileRef = C19D9C2818D2A5E2001DF361 /* main.m */; };
		C19D9C2D18D2A5E2001DF361 /* AppDelegate.m in Sources */ = {isa = PBXBuildFile; fileRef = C19D9C2C18D2A5E2001DF361 /* AppDelegate.m */; };
		C19D9C3018D2A5E2001DF361 /* Main.storyboard in Resources */ = {isa = PBXBuildFile; fileRef = C19D9C2E18D2A5E2001DF361 /* Main.storyboard */; };
		C19D9C3318D2A5E2001DF361 /* FirstViewController.m in Sources */ = {isa = PBXBuildFile; fileRef = C19D9C3218D2A5E2001DF361 /* FirstViewController.m */; };
		C19D9C3618D2A5E2001DF361 /* SecondViewController.m in Sources */ = {isa = PBXBuildFile; fileRef = C19D9C3518D2A5E2001DF361 /* SecondViewController.m */; };
		C19D9C3818D2A5E2001DF361 /* Images.xcassets in Resources */ = {isa = PBXBuildFile; fileRef = C19D9C3718D2A5E2001DF361 /* Images.xcassets */; };
		C19D9C3F18D2A5E2001DF361 /* XCTest.framework in Frameworks */ = {isa = PBXBuildFile; fileRef = C19D9C3E18D2A5E2001DF361 /* XCTest.framework */; };
		C19D9C4018D2A5E2001DF361 /* Foundation.framework in Frameworks */ = {isa = PBXBuildFile; fileRef = C19D9C1C18D2A5E2001DF361 /* Foundation.framework */; };
		C19D9C4118D2A5E2001DF361 /* UIKit.framework in Frameworks */ = {isa = PBXBuildFile; fileRef = C19D9C2018D2A5E2001DF361 /* UIKit.framework */; };
		C19D9C4918D2A5E2001DF361 /* InfoPlist.strings in Resources */ = {isa = PBXBuildFile; fileRef = C19D9C4718D2A5E2001DF361 /* InfoPlist.strings */; };
		C19D9C4B18D2A5E2001DF361 /* AdBannersTabsTests.m in Sources */ = {isa = PBXBuildFile; fileRef = C19D9C4A18D2A5E2001DF361 /* AdBannersTabsTests.m */; };
/* End PBXBuildFile section */

/* Begin PBXContainerItemProxy section */
		C19D9C4218D2A5E2001DF361 /* PBXContainerItemProxy */ = {
			isa = PBXContainerItemProxy;
			containerPortal = C19D9C1118D2A5E2001DF361 /* Project object */;
			proxyType = 1;
			remoteGlobalIDString = C19D9C1818D2A5E2001DF361;
			remoteInfo = AdBannersTabs;
		};
/* End PBXContainerItemProxy section */

/* Begin PBXFileReference section */
		C19D9C1918D2A5E2001DF361 /* AdBannersTabs.app */ = {isa = PBXFileReference; explicitFileType = wrapper.application; includeInIndex = 0; path = AdBannersTabs.app; sourceTree = BUILT_PRODUCTS_DIR; };
		C19D9C1C18D2A5E2001DF361 /* Foundation.framework */ = {isa = PBXFileReference; lastKnownFileType = wrapper.framework; name = Foundation.framework; path = System/Library/Frameworks/Foundation.framework; sourceTree = SDKROOT; };
		C19D9C1E18D2A5E2001DF361 /* CoreGraphics.framework */ = {isa = PBXFileReference; lastKnownFileType = wrapper.framework; name = CoreGraphics.framework; path = System/Library/Frameworks/CoreGraphics.framework; sourceTree = SDKROOT; };
		C19D9C2018D2A5E2001DF361 /* UIKit.framework */ = {isa = PBXFileReference; lastKnownFileType = wrapper.framework; name = UIKit.framework; path = System/Library/Frameworks/UIKit.framework; sourceTree = SDKROOT; };
		C19D9C2418D2A5E2001DF361 /* AdBannersTabs-Info.plist */ = {isa = PBXFileReference; lastKnownFileType = text.plist.xml; path = "AdBannersTabs-Info.plist"; sourceTree = "<group>"; };
		C19D9C2618D2A5E2001DF361 /* en */ = {isa = PBXFileReference; lastKnownFileType = text.plist.strings; name = en; path = en.lproj/InfoPlist.strings; sourceTree = "<group>"; };
		C19D9C2818D2A5E2001DF361 /* main.m */ = {isa = PBXFileReference; lastKnownFileType = sourcecode.c.objc; path = main.m; sourceTree = "<group>"; };
		C19D9C2A18D2A5E2001DF361 /* AdBannersTabs-Prefix.pch */ = {isa = PBXFileReference; lastKnownFileType = sourcecode.c.h; path = "AdBannersTabs-Prefix.pch"; sourceTree = "<group>"; };
		C19D9C2B18D2A5E2001DF361 /* AppDelegate.h */ = {isa = PBXFileReference; lastKnownFileType = sourcecode.c.h; path = AppDelegate.h; sourceTree = "<group>"; };
		C19D9C2C18D2A5E2001DF361 /* AppDelegate.m */ = {isa = PBXFileReference; lastKnownFileType = sourcecode.c.objc; path = AppDelegate.m; sourceTree = "<group>"; };
		C19D9C2F18D2A5E2001DF361 /* Base */ = {isa = PBXFileReference; lastKnownFileType = file.storyboard; name = Base; path = Base.lproj/Main.storyboard; sourceTree = "<group>"; };
		C19D9C3118D2A5E2001DF361 /* FirstViewController.h */ = {isa = PBXFileReference; lastKnownFileType = sourcecode.c.h; path = FirstViewController.h; sourceTree = "<group>"; };
		C19D9C3218D2A5E2001DF361 /* FirstViewController.m */ = {isa = PBXFileReference; lastKnownFileType = sourcecode.c.objc; path = FirstViewController.m; sourceTree = "<group>"; };
		C19D9C3418D2A5E2001DF361 /* SecondViewController.h */ = {isa = PBXFileReference; lastKnownFileType = sourcecode.c.h; path = SecondViewController.h; sourceTree = "<group>"; };
		C19D9C3518D2A5E2001DF361 /* SecondViewController.m */ = {isa = PBXFileReference; lastKnownFileType = sourcecode.c.objc; path = SecondViewController.m; sourceTree = "<group>"; };
		C19D9C3718D2A5E2001DF361 /* Images.xcassets */ = {isa = PBXFileReference; lastKnownFileType = folder.assetcatalog; path = Images.xcassets; sourceTree = "<group>"; };
		C19D9C3D18D2A5E2001DF361 /* AdBannersTabsTests.xctest */ = {isa = PBXFileReference; explicitFileType = wrapper.cfbundle; includeInIndex = 0; path = AdBannersTabsTests.xctest; sourceTree = BUILT_PRODUCTS_DIR; };
		C19D9C3E18D2A5E2001DF361 /* XCTest.framework */ = {isa = PBXFileReference; lastKnownFileType = wrapper.framework; name = XCTest.framework; path = Library/Frameworks/XCTest.framework; sourceTree = DEVELOPER_DIR; };
		C19D9C4618D2A5E2001DF361 /* AdBannersTabsTests-Info.plist */ = {isa = PBXFileReference; lastKnownFileType = text.plist.xml; path = "AdBannersTabsTests-Info.plist"; sourceTree = "<group>"; };
		C19D9C4818D2A5E2001DF361 /* en */ = {isa = PBXFileReference; lastKnownFileType = text.plist.strings; name = en; path = en.lproj/InfoPlist.strings; sourceTree = "<group>"; };
		C19D9C4A18D2A5E2001DF361 /* AdBannersTabsTests.m */ = {isa = PBXFileReference; lastKnownFileType = sourcecode.c.objc; path = AdBannersTabsTests.m; sourceTree = "<group>"; };
/* End PBXFileReference section */

/* Begin PBXFrameworksBuildPhase section */
		C19D9C1618D2A5E2001DF361 /* Frameworks */ = {
			isa = PBXFrameworksBuildPhase;
			buildActionMask = 2147483647;
			files = (
				C19D9C1F18D2A5E2001DF361 /* CoreGraphics.framework in Frameworks */,
				C19D9C2118D2A5E2001DF361 /* UIKit.framework in Frameworks */,
				C19D9C1D18D2A5E2001DF361 /* Foundation.framework in Frameworks */,
			);
			runOnlyForDeploymentPostprocessing = 0;
		};
		C19D9C3A18D2A5E2001DF361 /* Frameworks */ = {
			isa = PBXFrameworksBuildPhase;
			buildActionMask = 2147483647;
			files = (
				C19D9C3F18D2A5E2001DF361 /* XCTest.framework in Frameworks */,
				C19D9C4118D2A5E2001DF361 /* UIKit.framework in Frameworks */,
				C19D9C4018D2A5E2001DF361 /* Foundation.framework in Frameworks */,
			);
			runOnlyForDeploymentPostprocessing = 0;
		};
/* End PBXFrameworksBuildPhase section */

/* Begin PBXGroup section */
		C19D9C1018D2A5E2001DF361 = {
			isa = PBXGroup;
			children = (
				C19D9C2218D2A5E2001DF361 /* AdBannersTabs */,
				C19D9C4418D2A5E2001DF361 /* AdBannersTabsTests */,
				C19D9C1B18D2A5E2001DF361 /* Frameworks */,
				C19D9C1A18D2A5E2001DF361 /* Products */,
			);
			sourceTree = "<group>";
		};
		C19D9C1A18D2A5E2001DF361 /* Products */ = {
			isa = PBXGroup;
			children = (
				C19D9C1918D2A5E2001DF361 /* AdBannersTabs.app */,
				C19D9C3D18D2A5E2001DF361 /* AdBannersTabsTests.xctest */,
			);
			name = Products;
			sourceTree = "<group>";
		};
		C19D9C1B18D2A5E2001DF361 /* Frameworks */ = {
			isa = PBXGroup;
			children = (
				C19D9C1C18D2A5E2001DF361 /* Foundation.framework */,
				C19D9C1E18D2A5E2001DF361 /* CoreGraphics.framework */,
				C19D9C2018D2A5E2001DF361 /* UIKit.framework */,
				C19D9C3E18D2A5E2001DF361 /* XCTest.framework */,
			);
			name = Frameworks;
			sourceTree = "<group>";
		};
		C19D9C2218D2A5E2001DF361 /* AdBannersTabs */ = {
			isa = PBXGroup;
			children = (
				C19D9C2B18D2A5E2001DF361 /* AppDelegate.h */,
				C19D9C2C18D2A5E2001DF361 /* AppDelegate.m */,
				C19D9C2E18D2A5E2001DF361 /* Main.storyboard */,
				C19D9C3118D2A5E2001DF361 /* FirstViewController.h */,
				C19D9C3218D2A5E2001DF361 /* FirstViewController.m */,
				C19D9C3418D2A5E2001DF361 /* SecondViewController.h */,
				C19D9C3518D2A5E2001DF361 /* SecondViewController.m */,
				C19D9C3718D2A5E2001DF361 /* Images.xcassets */,
				C19D9C2318D2A5E2001DF361 /* Supporting Files */,
			);
			path = AdBannersTabs;
			sourceTree = "<group>";
		};
		C19D9C2318D2A5E2001DF361 /* Supporting Files */ = {
			isa = PBXGroup;
			children = (
				C19D9C2418D2A5E2001DF361 /* AdBannersTabs-Info.plist */,
				C19D9C2518D2A5E2001DF361 /* InfoPlist.strings */,
				C19D9C2818D2A5E2001DF361 /* main.m */,
				C19D9C2A18D2A5E2001DF361 /* AdBannersTabs-Prefix.pch */,
			);
			name = "Supporting Files";
			sourceTree = "<group>";
		};
		C19D9C4418D2A5E2001DF361 /* AdBannersTabsTests */ = {
			isa = PBXGroup;
			children = (
				C19D9C4A18D2A5E2001DF361 /* AdBannersTabsTests.m */,
				C19D9C4518D2A5E2001DF361 /* Supporting Files */,
			);
			path = AdBannersTabsTests;
			sourceTree = "<group>";
		};
		C19D9C4518D2A5E2001DF361 /* Supporting Files */ = {
			isa = PBXGroup;
			children = (
				C19D9C4618D2A5E2001DF361 /* AdBannersTabsTests-Info.plist */,
				C19D9C4718D2A5E2001DF361 /* InfoPlist.strings */,
			);
			name = "Supporting Files";
			sourceTree = "<group>";
		};
/* End PBXGroup section */

/* Begin PBXNativeTarget section */
		C19D9C1818D2A5E2001DF361 /* AdBannersTabs */ = {
			isa = PBXNativeTarget;
			buildConfigurationList = C19D9C4E18D2A5E2001DF361 /* Build configuration list for PBXNativeTarget "AdBannersTabs" */;
			buildPhases = (
				C19D9C1518D2A5E2001DF361 /* Sources */,
				C19D9C1618D2A5E2001DF361 /* Frameworks */,
				C19D9C1718D2A5E2001DF361 /* Resources */,
			);
			buildRules = (
			);
			dependencies = (
			);
			name = AdBannersTabs;
			productName = AdBannersTabs;
			productReference = C19D9C1918D2A5E2001DF361 /* AdBannersTabs.app */;
			productType = "com.apple.product-type.application";
		};
		C19D9C3C18D2A5E2001DF361 /* AdBannersTabsTests */ = {
			isa = PBXNativeTarget;
			buildConfigurationList = C19D9C5118D2A5E2001DF361 /* Build configuration list for PBXNativeTarget "AdBannersTabsTests" */;
			buildPhases = (
				C19D9C3918D2A5E2001DF361 /* Sources */,
				C19D9C3A18D2A5E2001DF361 /* Frameworks */,
				C19D9C3B18D2A5E2001DF361 /* Resources */,
			);
			buildRules = (
			);
			dependencies = (
				C19D9C4318D2A5E2001DF361 /* PBXTargetDependency */,
			);
			name = AdBannersTabsTests;
			productName = AdBannersTabsTests;
			productReference = C19D9C3D18D2A5E2001DF361 /* AdBannersTabsTests.xctest */;
			productType = "com.apple.product-type.bundle.unit-test";
		};
/* End PBXNativeTarget section */

/* Begin PBXProject section */
		C19D9C1118D2A5E2001DF361 /* Project object */ = {
			isa = PBXProject;
			attributes = {
				LastUpgradeCheck = 0510;
				ORGANIZATIONNAME = "Ileana Padilla";
				TargetAttributes = {
					C19D9C3C18D2A5E2001DF361 = {
						TestTargetID = C19D9C1818D2A5E2001DF361;
					};
				};
			};
			buildConfigurationList = C19D9C1418D2A5E2001DF361 /* Build configuration list for PBXProject "AdBannersTabs" */;
			compatibilityVersion = "Xcode 3.2";
			developmentRegion = English;
			hasScannedForEncodings = 0;
			knownRegions = (
				en,
				Base,
			);
			mainGroup = C19D9C1018D2A5E2001DF361;
			productRefGroup = C19D9C1A18D2A5E2001DF361 /* Products */;
			projectDirPath = "";
			projectRoot = "";
			targets = (
				C19D9C1818D2A5E2001DF361 /* AdBannersTabs */,
				C19D9C3C18D2A5E2001DF361 /* AdBannersTabsTests */,
			);
		};
/* End PBXProject section */

/* Begin PBXResourcesBuildPhase section */
		C19D9C1718D2A5E2001DF361 /* Resources */ = {
			isa = PBXResourcesBuildPhase;
			buildActionMask = 2147483647;
			files = (
				C19D9C3818D2A5E2001DF361 /* Images.xcassets in Resources */,
				C19D9C2718D2A5E2001DF361 /* InfoPlist.strings in Resources */,
				C19D9C3018D2A5E2001DF361 /* Main.storyboard in Resources */,
			);
			runOnlyForDeploymentPostprocessing = 0;
		};
		C19D9C3B18D2A5E2001DF361 /* Resources */ = {
			isa = PBXResourcesBuildPhase;
			buildActionMask = 2147483647;
			files = (
				C19D9C4918D2A5E2001DF361 /* InfoPlist.strings in Resources */,
			);
			runOnlyForDeploymentPostprocessing = 0;
		};
/* End PBXResourcesBuildPhase section */

/* Begin PBXSourcesBuildPhase section */
		C19D9C1518D2A5E2001DF361 /* Sources */ = {
			isa = PBXSourcesBuildPhase;
			buildActionMask = 2147483647;
			files = (
				C19D9C3618D2A5E2001DF361 /* SecondViewController.m in Sources */,
				C19D9C2D18D2A5E2001DF361 /* AppDelegate.m in Sources */,
				C19D9C3318D2A5E2001DF361 /* FirstViewController.m in Sources */,
				C19D9C2918D2A5E2001DF361 /* main.m in Sources */,
			);
			runOnlyForDeploymentPostprocessing = 0;
		};
		C19D9C3918D2A5E2001DF361 /* Sources */ = {
			isa = PBXSourcesBuildPhase;
			buildActionMask = 2147483647;
			files = (
				C19D9C4B18D2A5E2001DF361 /* AdBannersTabsTests.m in Sources */,
			);
			runOnlyForDeploymentPostprocessing = 0;
		};
/* End PBXSourcesBuildPhase section */

/* Begin PBXTargetDependency section */
		C19D9C4318D2A5E2001DF361 /* PBXTargetDependency */ = {
			isa = PBXTargetDependency;
			target = C19D9C1818D2A5E2001DF361 /* AdBannersTabs */;
			targetProxy = C19D9C4218D2A5E2001DF361 /* PBXContainerItemProxy */;
		};
/* End PBXTargetDependency section */

/* Begin PBXVariantGroup section */
		C19D9C2518D2A5E2001DF361 /* InfoPlist.strings */ = {
			isa = PBXVariantGroup;
			children = (
				C19D9C2618D2A5E2001DF361 /* en */,
			);
			name = InfoPlist.strings;
			sourceTree = "<group>";
		};
		C19D9C2E18D2A5E2001DF361 /* Main.storyboard */ = {
			isa = PBXVariantGroup;
			children = (
				C19D9C2F18D2A5E2001DF361 /* Base */,
			);
			name = Main.storyboard;
			sourceTree = "<group>";
		};
		C19D9C4718D2A5E2001DF361 /* InfoPlist.strings */ = {
			isa = PBXVariantGroup;
			children = (
				C19D9C4818D2A5E2001DF361 /* en */,
			);
			name = InfoPlist.strings;
			sourceTree = "<group>";
		};
/* End PBXVariantGroup section */

/* Begin XCBuildConfiguration section */
		C19D9C4C18D2A5E2001DF361 /* Debug */ = {
			isa = XCBuildConfiguration;
			buildSettings = {
				ALWAYS_SEARCH_USER_PATHS = NO;
				CLANG_CXX_LANGUAGE_STANDARD = "gnu++0x";
				CLANG_CXX_LIBRARY = "libc++";
				CLANG_ENABLE_MODULES = YES;
				CLANG_ENABLE_OBJC_ARC = YES;
				CLANG_WARN_BOOL_CONVERSION = YES;
				CLANG_WARN_CONSTANT_CONVERSION = YES;
				CLANG_WARN_DIRECT_OBJC_ISA_USAGE = YES_ERROR;
				CLANG_WARN_EMPTY_BODY = YES;
				CLANG_WARN_ENUM_CONVERSION = YES;
				CLANG_WARN_INT_CONVERSION = YES;
				CLANG_WARN_OBJC_ROOT_CLASS = YES_ERROR;
				CLANG_WARN__DUPLICATE_METHOD_MATCH = YES;
				"CODE_SIGN_IDENTITY[sdk=iphoneos*]" = "iPhone Developer";
				COPY_PHASE_STRIP = NO;
				GCC_C_LANGUAGE_STANDARD = gnu99;
				GCC_DYNAMIC_NO_PIC = NO;
				GCC_OPTIMIZATION_LEVEL = 0;
				GCC_PREPROCESSOR_DEFINITIONS = (
					"DEBUG=1",
					"$(inherited)",
				);
				GCC_SYMBOLS_PRIVATE_EXTERN = NO;
				GCC_WARN_64_TO_32_BIT_CONVERSION = YES;
				GCC_WARN_ABOUT_RETURN_TYPE = YES_ERROR;
				GCC_WARN_UNDECLARED_SELECTOR = YES;
				GCC_WARN_UNINITIALIZED_AUTOS = YES_AGGRESSIVE;
				GCC_WARN_UNUSED_FUNCTION = YES;
				GCC_WARN_UNUSED_VARIABLE = YES;
				IPHONEOS_DEPLOYMENT_TARGET = 7.1;
				ONLY_ACTIVE_ARCH = YES;
				SDKROOT = iphoneos;
			};
			name = Debug;
		};
		C19D9C4D18D2A5E2001DF361 /* Release */ = {
			isa = XCBuildConfiguration;
			buildSettings = {
				ALWAYS_SEARCH_USER_PATHS = NO;
				CLANG_CXX_LANGUAGE_STANDARD = "gnu++0x";
				CLANG_CXX_LIBRARY = "libc++";
				CLANG_ENABLE_MODULES = YES;
				CLANG_ENABLE_OBJC_ARC = YES;
				CLANG_WARN_BOOL_CONVERSION = YES;
				CLANG_WARN_CONSTANT_CONVERSION = YES;
				CLANG_WARN_DIRECT_OBJC_ISA_USAGE = YES_ERROR;
				CLANG_WARN_EMPTY_BODY = YES;
				CLANG_WARN_ENUM_CONVERSION = YES;
				CLANG_WARN_INT_CONVERSION = YES;
				CLANG_WARN_OBJC_ROOT_CLASS = YES_ERROR;
				CLANG_WARN__DUPLICATE_METHOD_MATCH = YES;
				"CODE_SIGN_IDENTITY[sdk=iphoneos*]" = "iPhone Developer";
				COPY_PHASE_STRIP = YES;
				ENABLE_NS_ASSERTIONS = NO;
				GCC_C_LANGUAGE_STANDARD = gnu99;
				GCC_WARN_64_TO_32_BIT_CONVERSION = YES;
				GCC_WARN_ABOUT_RETURN_TYPE = YES_ERROR;
				GCC_WARN_UNDECLARED_SELECTOR = YES;
				GCC_WARN_UNINITIALIZED_AUTOS = YES_AGGRESSIVE;
				GCC_WARN_UNUSED_FUNCTION = YES;
				GCC_WARN_UNUSED_VARIABLE = YES;
				IPHONEOS_DEPLOYMENT_TARGET = 7.1;
				SDKROOT = iphoneos;
				VALIDATE_PRODUCT = YES;
			};
			name = Release;
		};
		C19D9C4F18D2A5E2001DF361 /* Debug */ = {
			isa = XCBuildConfiguration;
			buildSettings = {
				ASSETCATALOG_COMPILER_APPICON_NAME = AppIcon;
				ASSETCATALOG_COMPILER_LAUNCHIMAGE_NAME = LaunchImage;
				GCC_PRECOMPILE_PREFIX_HEADER = YES;
				GCC_PREFIX_HEADER = "AdBannersTabs/AdBannersTabs-Prefix.pch";
				INFOPLIST_FILE = "AdBannersTabs/AdBannersTabs-Info.plist";
				PRODUCT_NAME = "$(TARGET_NAME)";
				WRAPPER_EXTENSION = app;
			};
			name = Debug;
		};
		C19D9C5018D2A5E2001DF361 /* Release */ = {
			isa = XCBuildConfiguration;
			buildSettings = {
				ASSETCATALOG_COMPILER_APPICON_NAME = AppIcon;
				ASSETCATALOG_COMPILER_LAUNCHIMAGE_NAME = LaunchImage;
				GCC_PRECOMPILE_PREFIX_HEADER = YES;
				GCC_PREFIX_HEADER = "AdBannersTabs/AdBannersTabs-Prefix.pch";
				INFOPLIST_FILE = "AdBannersTabs/AdBannersTabs-Info.plist";
				PRODUCT_NAME = "$(TARGET_NAME)";
				WRAPPER_EXTENSION = app;
			};
			name = Release;
		};
		C19D9C5218D2A5E2001DF361 /* Debug */ = {
			isa = XCBuildConfiguration;
			buildSettings = {
				BUNDLE_LOADER = "$(BUILT_PRODUCTS_DIR)/AdBannersTabs.app/AdBannersTabs";
				FRAMEWORK_SEARCH_PATHS = (
					"$(SDKROOT)/Developer/Library/Frameworks",
					"$(inherited)",
					"$(DEVELOPER_FRAMEWORKS_DIR)",
				);
				GCC_PRECOMPILE_PREFIX_HEADER = YES;
				GCC_PREFIX_HEADER = "AdBannersTabs/AdBannersTabs-Prefix.pch";
				GCC_PREPROCESSOR_DEFINITIONS = (
					"DEBUG=1",
					"$(inherited)",
				);
				INFOPLIST_FILE = "AdBannersTabsTests/AdBannersTabsTests-Info.plist";
				PRODUCT_NAME = "$(TARGET_NAME)";
				TEST_HOST = "$(BUNDLE_LOADER)";
				WRAPPER_EXTENSION = xctest;
			};
			name = Debug;
		};
		C19D9C5318D2A5E2001DF361 /* Release */ = {
			isa = XCBuildConfiguration;
			buildSettings = {
				BUNDLE_LOADER = "$(BUILT_PRODUCTS_DIR)/AdBannersTabs.app/AdBannersTabs";
				FRAMEWORK_SEARCH_PATHS = (
					"$(SDKROOT)/Developer/Library/Frameworks",
					"$(inherited)",
					"$(DEVELOPER_FRAMEWORKS_DIR)",
				);
				GCC_PRECOMPILE_PREFIX_HEADER = YES;
				GCC_PREFIX_HEADER = "AdBannersTabs/AdBannersTabs-Prefix.pch";
				INFOPLIST_FILE = "AdBannersTabsTests/AdBannersTabsTests-Info.plist";
				PRODUCT_NAME = "$(TARGET_NAME)";
				TEST_HOST = "$(BUNDLE_LOADER)";
				WRAPPER_EXTENSION = xctest;
			};
			name = Release;
		};
/* End XCBuildConfiguration section */

/* Begin XCConfigurationList section */
		C19D9C1418D2A5E2001DF361 /* Build configuration list for PBXProject "AdBannersTabs" */ = {
			isa = XCConfigurationList;
			buildConfigurations = (
				C19D9C4C18D2A5E2001DF361 /* Debug */,
				C19D9C4D18D2A5E2001DF361 /* Release */,
			);
			defaultConfigurationIsVisible = 0;
			defaultConfigurationName = Release;
		};
		C19D9C4E18D2A5E2001DF361 /* Build configuration list for PBXNativeTarget "AdBannersTabs" */ = {
			isa = XCConfigurationList;
			buildConfigurations = (
				C19D9C4F18D2A5E2001DF361 /* Debug */,
				C19D9C5018D2A5E2001DF361 /* Release */,
			);
			defaultConfigurationIsVisible = 0;
		};
		C19D9C5118D2A5E2001DF361 /* Build configuration list for PBXNativeTarget "AdBannersTabsTests" */ = {
			isa = XCConfigurationList;
			buildConfigurations = (
				C19D9C5218D2A5E2001DF361 /* Debug */,
				C19D9C5318D2A5E2001DF361 /* Release */,
			);
			defaultConfigurationIsVisible = 0;
		};
/* End XCConfigurationList section */
	};
	rootObject = C19D9C1118D2A5E2001DF361 /* Project object */;
}
